
Microsoft Visual Studio Solution File, Format Version 12.00
# Visual Studio Version 17
VisualStudioVersion = 17.5.33516.290
MinimumVisualStudioVersion = 10.0.40219.1
Project("{FAE04EC0-301F-11D3-BF4B-00C04F79EFBC}") = "Employee1", "Employee1\Employee1.csproj", "{23E44D7B-8241-4564-9678-203A78E64DE1}"
EndProject
Global
	GlobalSection(SolutionConfigurationPlatforms) = preSolution
		Debug|Any CPU = Debug|Any CPU
		Release|Any CPU = Release|Any CPU
	EndGlobalSection
	GlobalSection(ProjectConfigurationPlatforms) = postSolution
		{23E44D7B-8241-4564-9678-203A78E64DE1}.Debug|Any CPU.ActiveCfg = Debug|Any CPU
		{23E44D7B-8241-4564-9678-203A78E64DE1}.Debug|Any CPU.Build.0 = Debug|Any CPU
		{23E44D7B-8241-4564-9678-203A78E64DE1}.Release|Any CPU.ActiveCfg = Release|Any CPU
		{23E44D7B-8241-4564-9678-203A78E64DE1}.Release|Any CPU.Build.0 = Release|Any CPU
	EndGlobalSection
	GlobalSection(SolutionProperties) = preSolution
		HideSolutionNode = FALSE
	EndGlobalSection
	GlobalSection(ExtensibilityGlobals) = postSolution
		SolutionGuid = {EABF59B5-1AB2-4F82-8644-247382B782F9}
	EndGlobalSection
EndGlobal
